PODS:
  - Fusion (1.1.17):
    - Fusion/Core (= 1.1.17)
    - Fusion/UI (= 1.1.17)
  - Fusion/Core (1.1.17)
  - Fusion/UI (1.1.17):
    - Fusion/Core
  - LocalServer (2.1.1)

DEPENDENCIES:
  - Fusion (from `./`)
  - LocalServer

SPEC REPOS:
  trunk:
    - LocalServer

EXTERNAL SOURCES:
  Fusion:
    :path: "./"

SPEC CHECKSUMS:
  Fusion: 1ebe78f7e18f7b7429d1102417e3530590908909
  LocalServer: ec2b100e8a5d6900c6283f7bc4ad065e2183336d

PODFILE CHECKSUM: b3d99914225dd53101b6d5612af2344c41f94937

COCOAPODS: 1.13.0
