PODS:
  - Fusion (1.3.0):
    - Fusion/Core (= 1.3.0)
    - Fusion/UI (= 1.3.0)
  - Fusion/Core (1.3.0)
  - Fusion/UI (1.3.0):
    - Fusion/Core
  - LocalServer (2.1.2)

DEPENDENCIES:
  - Fusion (from `./`)
  - LocalServer

SPEC REPOS:
  trunk:
    - LocalServer

EXTERNAL SOURCES:
  Fusion:
    :path: "./"

SPEC CHECKSUMS:
  Fusion: bf856ca681d3324a2e81a6c27bc8fccd76fd2174
  LocalServer: b40c06713ef6c13b73a31e254330aa9917818d85

PODFILE CHECKSUM: e80bebd1e4dfb51beda3f661c5c2219c3954a4d2

COCOAPODS: 1.16.2
