PODS:
  - Fusion (1.1.58):
    - Fusion/Core (= 1.1.58)
    - Fusion/UI (= 1.1.58)
  - Fusion/Core (1.1.58)
  - Fusion/UI (1.1.58):
    - Fusion/Core
  - LocalServer (2.1.2)

DEPENDENCIES:
  - Fusion (from `./`)
  - LocalServer

SPEC REPOS:
  trunk:
    - LocalServer

EXTERNAL SOURCES:
  Fusion:
    :path: "./"

SPEC CHECKSUMS:
  Fusion: 486b10c836a22431f3d53a23667104bfa540629d
  LocalServer: b40c06713ef6c13b73a31e254330aa9917818d85

PODFILE CHECKSUM: e80bebd1e4dfb51beda3f661c5c2219c3954a4d2

COCOAPODS: 1.15.2
