// !$*UTF8*$!
{
	archiveVersion = 1;
	classes = {
	};
	objectVersion = 77;
	objects = {

/* Begin PBXAggregateTarget section */
		60CFD2892A37384F00C96629 /* Publishing */ = {
			isa = PBXAggregateTarget;
			buildConfigurationList = 60CFD28C2A37384F00C96629 /* Build configuration list for PBXAggregateTarget "Publishing" */;
			buildPhases = (
				60CFD28D2A37387500C96629 /* ShellScript */,
			);
			dependencies = (
			);
			name = Publishing;
			productName = Publishing;
		};
		60DOCS292A37384F00C96629 /* Documentation */ = {
			isa = PBXAggregateTarget;
			buildConfigurationList = 60DOCS2C2A37384F00C96629 /* Build configuration list for PBXAggregateTarget "Documentation" */;
			buildPhases = (
				60DOCS2D2A37387500C96629 /* ShellScript */,
			);
			dependencies = (
			);
			name = Documentation;
			productName = Documentation;
		};
/* End PBXAggregateTarget section */

/* Begin PBXBuildFile section */
		606D0BE72F41D5ED00589A89 /* LocalServer in Frameworks */ = {isa = PBXBuildFile; productRef = 606D0BE62F41D5ED00589A89 /* LocalServer */; };
		606D0BEA2F41D61400589A89 /* Fusion in Frameworks */ = {isa = PBXBuildFile; productRef = 606D0BE92F41D61400589A89 /* Fusion */; };
		606D0BED2F41D63F00589A89 /* Fusion in Frameworks */ = {isa = PBXBuildFile; productRef = 606D0BEC2F41D63F00589A89 /* Fusion */; };
		606D0BEF2F41D64400589A89 /* Fusion in Frameworks */ = {isa = PBXBuildFile; productRef = 606D0BEE2F41D64400589A89 /* Fusion */; };
		606D0BF12F41D64800589A89 /* Fusion in Frameworks */ = {isa = PBXBuildFile; productRef = 606D0BF02F41D64800589A89 /* Fusion */; };
		606D0BF32F41D64D00589A89 /* Fusion in Frameworks */ = {isa = PBXBuildFile; productRef = 606D0BF22F41D64D00589A89 /* Fusion */; };
		606D0BF52F41D65100589A89 /* Fusion in Frameworks */ = {isa = PBXBuildFile; productRef = 606D0BF42F41D65100589A89 /* Fusion */; };
/* End PBXBuildFile section */

/* Begin PBXContainerItemProxy section */
		60CFD28E2A373F6500C96629 /* PBXContainerItemProxy */ = {
			isa = PBXContainerItemProxy;
			containerPortal = 600A7C6D2A0038C1003B0093 /* Project object */;
			proxyType = 1;
			remoteGlobalIDString = 60A8597A2A06BB2500D3B283;
			remoteInfo = "Sample macOS";
		};
		60CFD2972A374A0300C96629 /* PBXContainerItemProxy */ = {
			isa = PBXContainerItemProxy;
			containerPortal = 600A7C6D2A0038C1003B0093 /* Project object */;
			proxyType = 1;
			remoteGlobalIDString = 60A8596A2A06BB2500D3B283;
			remoteInfo = "Sample tvOS";
		};
		B5C34B452A31B79300189FD5 /* PBXContainerItemProxy */ = {
			isa = PBXContainerItemProxy;
			containerPortal = 600A7C6D2A0038C1003B0093 /* Project object */;
			proxyType = 1;
			remoteGlobalIDString = 60A8595A2A06BB2500D3B283;
			remoteInfo = "Sample iOS";
		};
/* End PBXContainerItemProxy section */

/* Begin PBXCopyFilesBuildPhase section */
		609484192A4C5767008E21A1 /* Embed Frameworks */ = {
			isa = PBXCopyFilesBuildPhase;
			buildActionMask = 2147483647;
			dstPath = "";
			dstSubfolderSpec = 10;
			files = (
			);
			name = "Embed Frameworks";
			runOnlyForDeploymentPostprocessing = 0;
		};
/* End PBXCopyFilesBuildPhase section */

/* Begin PBXFileReference section */
		600A7C802A0038C1003B0093 /* FusionTests.xctest */ = {isa = PBXFileReference; explicitFileType = wrapper.cfbundle; includeInIndex = 0; name = FusionTests.xctest; path = "/Users/dineybomfim/Works/Companies/db-in/Open/Fusion/build/Debug/Sample.app/Contents/PlugIns/FusionTests.xctest"; sourceTree = "<absolute>"; };
		600E5E832A24CD72001810AE /* Fusion.xctestplan */ = {isa = PBXFileReference; lastKnownFileType = text; path = Fusion.xctestplan; sourceTree = "<group>"; };
		608E0F122AEA49B000CE531D /* Info.plist */ = {isa = PBXFileReference; lastKnownFileType = file.bplist; path = Info.plist; sourceTree = "<group>"; };
		60A8595B2A06BB2500D3B283 /* Sample.app */ = {isa = PBXFileReference; explicitFileType = wrapper.application; includeInIndex = 0; name = Sample.app; path = "/Users/dineybomfim/Works/Companies/db-in/Open/Fusion/build/Debug-iphoneos/Sample.app"; sourceTree = "<absolute>"; };
		60A8596B2A06BB2500D3B283 /* Sample.app */ = {isa = PBXFileReference; explicitFileType = wrapper.application; includeInIndex = 0; name = Sample.app; path = "/Users/dineybomfim/Works/Companies/db-in/Open/Fusion/build/Debug-appletvos/Sample.app"; sourceTree = "<absolute>"; };
		60A8597B2A06BB2500D3B283 /* Sample.app */ = {isa = PBXFileReference; explicitFileType = wrapper.application; includeInIndex = 0; name = Sample.app; path = "/Users/dineybomfim/Works/Companies/db-in/Open/Fusion/build/Debug/Sample.app"; sourceTree = "<absolute>"; };
		60A859A72A06BBD300D3B283 /* Podfile */ = {isa = PBXFileReference; lastKnownFileType = text; path = Podfile; sourceTree = "<group>"; xcLanguageSpecificationIdentifier = xcode.lang.ruby; };
		60A859A82A06BBD300D3B283 /* Package.swift */ = {isa = PBXFileReference; lastKnownFileType = sourcecode.swift; path = Package.swift; sourceTree = "<group>"; };
		60A859AC2A06BBD300D3B283 /* README.md */ = {isa = PBXFileReference; lastKnownFileType = net.daringfireball.markdown; path = README.md; sourceTree = "<group>"; };
		60A859B02A06BBD300D3B283 /* LICENSE */ = {isa = PBXFileReference; lastKnownFileType = text; path = LICENSE; sourceTree = "<group>"; };
		60A859B82A06BC7600D3B283 /* Fusion.podspec */ = {isa = PBXFileReference; lastKnownFileType = text; path = Fusion.podspec; sourceTree = "<group>"; xcLanguageSpecificationIdentifier = xcode.lang.ruby; };
		60CC2E982A50C5CB00E43713 /* Sample watchOS.app */ = {isa = PBXFileReference; explicitFileType = wrapper.application; includeInIndex = 0; name = "Sample watchOS.app"; path = "/Users/dineybomfim/Works/Companies/db-in/Open/Fusion/build/Debug-watchos/Sample watchOS.app"; sourceTree = "<absolute>"; };
		60CC2EB12A50C61A00E43713 /* Sample visionOS.app */ = {isa = PBXFileReference; explicitFileType = wrapper.application; includeInIndex = 0; name = "Sample visionOS.app"; path = "/Users/dineybomfim/Works/Companies/db-in/Open/Fusion/build/Debug-xros/Sample visionOS.app"; sourceTree = "<absolute>"; };
/* End PBXFileReference section */

/* Begin PBXFileSystemSynchronizedRootGroup section */
		606D0AAE2F41D49E00589A89 /* Scripts */ = {
			isa = PBXFileSystemSynchronizedRootGroup;
			path = Scripts;
			sourceTree = "<group>";
		};
		607EB1D92F40AB2C00BD967F /* Fusion */ = {
			isa = PBXFileSystemSynchronizedRootGroup;
			path = Fusion;
			sourceTree = "<group>";
		};
		607EB22A2F40AD1E00BD967F /* FusionTests */ = {
			isa = PBXFileSystemSynchronizedRootGroup;
			path = FusionTests;
			sourceTree = "<group>";
		};
		607EB2462F40AD2E00BD967F /* Sample iOS */ = {
			isa = PBXFileSystemSynchronizedRootGroup;
			path = "Sample iOS";
			sourceTree = "<group>";
		};
		607EB2512F40AD5E00BD967F /* Sample macOS */ = {
			isa = PBXFileSystemSynchronizedRootGroup;
			path = "Sample macOS";
			sourceTree = "<group>";
		};
		607EB25B2F40AD6B00BD967F /* Sample tvOS */ = {
			isa = PBXFileSystemSynchronizedRootGroup;
			path = "Sample tvOS";
			sourceTree = "<group>";
		};
		607EB2672F40AD7800BD967F /* Sample visionOS */ = {
			isa = PBXFileSystemSynchronizedRootGroup;
			path = "Sample visionOS";
			sourceTree = "<group>";
		};
		607EB2732F40AD8500BD967F /* Sample watchOS */ = {
			isa = PBXFileSystemSynchronizedRootGroup;
			path = "Sample watchOS";
			sourceTree = "<group>";
		};
/* End PBXFileSystemSynchronizedRootGroup section */

/* Begin PBXFrameworksBuildPhase section */
		600A7C7D2A0038C1003B0093 /* Frameworks */ = {
			isa = PBXFrameworksBuildPhase;
			buildActionMask = 2147483647;
			files = (
				606D0BEA2F41D61400589A89 /* Fusion in Frameworks */,
				606D0BE72F41D5ED00589A89 /* LocalServer in Frameworks */,
			);
			runOnlyForDeploymentPostprocessing = 0;
		};
		60A859582A06BB2500D3B283 /* Frameworks */ = {
			isa = PBXFrameworksBuildPhase;
			buildActionMask = 2147483647;
			files = (
				606D0BED2F41D63F00589A89 /* Fusion in Frameworks */,
			);
			runOnlyForDeploymentPostprocessing = 0;
		};
		60A859682A06BB2500D3B283 /* Frameworks */ = {
			isa = PBXFrameworksBuildPhase;
			buildActionMask = 2147483647;
			files = (
				606D0BEF2F41D64400589A89 /* Fusion in Frameworks */,
			);
			runOnlyForDeploymentPostprocessing = 0;
		};
		60A859782A06BB2500D3B283 /* Frameworks */ = {
			isa = PBXFrameworksBuildPhase;
			buildActionMask = 2147483647;
			files = (
				606D0BF12F41D64800589A89 /* Fusion in Frameworks */,
			);
			runOnlyForDeploymentPostprocessing = 0;
		};
		60CC2E952A50C5CB00E43713 /* Frameworks */ = {
			isa = PBXFrameworksBuildPhase;
			buildActionMask = 2147483647;
			files = (
				606D0BF32F41D64D00589A89 /* Fusion in Frameworks */,
			);
			runOnlyForDeploymentPostprocessing = 0;
		};
		60CC2EAE2A50C61A00E43713 /* Frameworks */ = {
			isa = PBXFrameworksBuildPhase;
			buildActionMask = 2147483647;
			files = (
				606D0BF52F41D65100589A89 /* Fusion in Frameworks */,
			);
			runOnlyForDeploymentPostprocessing = 0;
		};
/* End PBXFrameworksBuildPhase section */

/* Begin PBXGroup section */
		600A7C6C2A0038C1003B0093 = {
			isa = PBXGroup;
			children = (
				607EB1D92F40AB2C00BD967F /* Fusion */,
				60A859B82A06BC7600D3B283 /* Fusion.podspec */,
				600E5E832A24CD72001810AE /* Fusion.xctestplan */,
				607EB22A2F40AD1E00BD967F /* FusionTests */,
				608E0F122AEA49B000CE531D /* Info.plist */,
				60A859B02A06BBD300D3B283 /* LICENSE */,
				60A859A82A06BBD300D3B283 /* Package.swift */,
				60A859A72A06BBD300D3B283 /* Podfile */,
				60A859AC2A06BBD300D3B283 /* README.md */,
				607EB2462F40AD2E00BD967F /* Sample iOS */,
				607EB2512F40AD5E00BD967F /* Sample macOS */,
				607EB25B2F40AD6B00BD967F /* Sample tvOS */,
				607EB2672F40AD7800BD967F /* Sample visionOS */,
				607EB2732F40AD8500BD967F /* Sample watchOS */,
				606D0AAE2F41D49E00589A89 /* Scripts */,
				606D0BEB2F41D63F00589A89 /* Frameworks */,
			);
			sourceTree = "<group>";
		};
		606D0BEB2F41D63F00589A89 /* Frameworks */ = {
			isa = PBXGroup;
			children = (
			);
			name = Frameworks;
			sourceTree = "<group>";
		};
/* End PBXGroup section */

/* Begin PBXNativeTarget section */
		600A7C7F2A0038C1003B0093 /* FusionTests */ = {
			isa = PBXNativeTarget;
			buildConfigurationList = 600A7C8D2A0038C1003B0093 /* Build configuration list for PBXNativeTarget "FusionTests" */;
			buildPhases = (
				600A7C7C2A0038C1003B0093 /* Sources */,
				600A7C7D2A0038C1003B0093 /* Frameworks */,
				600A7C7E2A0038C1003B0093 /* Resources */,
			);
			buildRules = (
			);
			dependencies = (
				B5C34B462A31B79300189FD5 /* PBXTargetDependency */,
				60CFD28F2A373F6500C96629 /* PBXTargetDependency */,
				60CFD2982A374A0300C96629 /* PBXTargetDependency */,
			);
			fileSystemSynchronizedGroups = (
				607EB22A2F40AD1E00BD967F /* FusionTests */,
			);
			name = FusionTests;
			productName = FusionTests;
			productReference = 600A7C802A0038C1003B0093 /* FusionTests.xctest */;
			productType = "com.apple.product-type.bundle.unit-test";
		};
		60A8595A2A06BB2500D3B283 /* Sample iOS */ = {
			isa = PBXNativeTarget;
			buildConfigurationList = 60A859972A06BB2600D3B283 /* Build configuration list for PBXNativeTarget "Sample iOS" */;
			buildPhases = (
				60A859572A06BB2500D3B283 /* Sources */,
				60A859582A06BB2500D3B283 /* Frameworks */,
				60A859592A06BB2500D3B283 /* Resources */,
			);
			buildRules = (
			);
			dependencies = (
			);
			fileSystemSynchronizedGroups = (
				607EB2462F40AD2E00BD967F /* Sample iOS */,
			);
			name = "Sample iOS";
			productName = "Sample iOS";
			productReference = 60A8595B2A06BB2500D3B283 /* Sample.app */;
			productType = "com.apple.product-type.application";
		};
		60A8596A2A06BB2500D3B283 /* Sample tvOS */ = {
			isa = PBXNativeTarget;
			buildConfigurationList = 60A859982A06BB2600D3B283 /* Build configuration list for PBXNativeTarget "Sample tvOS" */;
			buildPhases = (
				60A859672A06BB2500D3B283 /* Sources */,
				60A859682A06BB2500D3B283 /* Frameworks */,
				60A859692A06BB2500D3B283 /* Resources */,
			);
			buildRules = (
			);
			dependencies = (
			);
			fileSystemSynchronizedGroups = (
				607EB25B2F40AD6B00BD967F /* Sample tvOS */,
			);
			name = "Sample tvOS";
			productName = "Sample tvOS";
			productReference = 60A8596B2A06BB2500D3B283 /* Sample.app */;
			productType = "com.apple.product-type.application";
		};
		60A8597A2A06BB2500D3B283 /* Sample macOS */ = {
			isa = PBXNativeTarget;
			buildConfigurationList = 60A859992A06BB2600D3B283 /* Build configuration list for PBXNativeTarget "Sample macOS" */;
			buildPhases = (
				60A859772A06BB2500D3B283 /* Sources */,
				60A859782A06BB2500D3B283 /* Frameworks */,
				60A859792A06BB2500D3B283 /* Resources */,
				609484192A4C5767008E21A1 /* Embed Frameworks */,
			);
			buildRules = (
			);
			dependencies = (
			);
			fileSystemSynchronizedGroups = (
				607EB2512F40AD5E00BD967F /* Sample macOS */,
			);
			name = "Sample macOS";
			productName = "Sample macOS";
			productReference = 60A8597B2A06BB2500D3B283 /* Sample.app */;
			productType = "com.apple.product-type.application";
		};
		60CC2E972A50C5CB00E43713 /* Sample watchOS */ = {
			isa = PBXNativeTarget;
			buildConfigurationList = 60CC2EAB2A50C5CC00E43713 /* Build configuration list for PBXNativeTarget "Sample watchOS" */;
			buildPhases = (
				60CC2E942A50C5CB00E43713 /* Sources */,
				60CC2E952A50C5CB00E43713 /* Frameworks */,
				60CC2E962A50C5CB00E43713 /* Resources */,
			);
			buildRules = (
			);
			dependencies = (
			);
			fileSystemSynchronizedGroups = (
				607EB2732F40AD8500BD967F /* Sample watchOS */,
			);
			name = "Sample watchOS";
			productName = "Sample watchOS Watch App";
			productReference = 60CC2E982A50C5CB00E43713 /* Sample watchOS.app */;
			productType = "com.apple.product-type.application";
		};
		60CC2EB02A50C61A00E43713 /* Sample visionOS */ = {
			isa = PBXNativeTarget;
			buildConfigurationList = 60CC2EC42A50C61B00E43713 /* Build configuration list for PBXNativeTarget "Sample visionOS" */;
			buildPhases = (
				60CC2EAD2A50C61A00E43713 /* Sources */,
				60CC2EAE2A50C61A00E43713 /* Frameworks */,
				60CC2EAF2A50C61A00E43713 /* Resources */,
			);
			buildRules = (
			);
			dependencies = (
			);
			fileSystemSynchronizedGroups = (
				607EB2672F40AD7800BD967F /* Sample visionOS */,
			);
			name = "Sample visionOS";
			productName = "Sample visionOS";
			productReference = 60CC2EB12A50C61A00E43713 /* Sample visionOS.app */;
			productType = "com.apple.product-type.application";
		};
/* End PBXNativeTarget section */

/* Begin PBXProject section */
		600A7C6D2A0038C1003B0093 /* Project object */ = {
			isa = PBXProject;
			attributes = {
				BuildIndependentTargetsInParallel = 1;
				LastSwiftUpdateCheck = 1500;
				LastUpgradeCheck = 1500;
				TargetAttributes = {
					600A7C7F2A0038C1003B0093 = {
						CreatedOnToolsVersion = 14.2;
						LastSwiftMigration = 1420;
						TestTargetID = 60A8595A2A06BB2500D3B283;
					};
					60A8595A2A06BB2500D3B283 = {
						CreatedOnToolsVersion = 14.2;
					};
					60A8596A2A06BB2500D3B283 = {
						CreatedOnToolsVersion = 14.2;
					};
					60A8597A2A06BB2500D3B283 = {
						CreatedOnToolsVersion = 14.2;
					};
					60CC2E972A50C5CB00E43713 = {
						CreatedOnToolsVersion = 15.0;
					};
					60CC2EB02A50C61A00E43713 = {
						CreatedOnToolsVersion = 15.0;
					};
					60CFD2892A37384F00C96629 = {
						CreatedOnToolsVersion = 14.3.1;
					};
					60DOCS292A37384F00C96629 = {
						CreatedOnToolsVersion = 15.0;
					};
				};
			};
			buildConfigurationList = 600A7C702A0038C1003B0093 /* Build configuration list for PBXProject "Fusion" */;
			developmentRegion = en;
			hasScannedForEncodings = 0;
			knownRegions = (
				en,
				Base,
			);
			mainGroup = 600A7C6C2A0038C1003B0093;
			packageReferences = (
				606D0BE52F41D5ED00589A89 /* XCRemoteSwiftPackageReference "LocalServer" */,
				606D0BE82F41D61400589A89 /* XCLocalSwiftPackageReference "../Fusion" */,
			);
			preferredProjectObjectVersion = 77;
			productRefGroup = 600A7C6C2A0038C1003B0093;
			projectDirPath = "";
			projectRoot = "";
			targets = (
				600A7C7F2A0038C1003B0093 /* FusionTests */,
				60A8595A2A06BB2500D3B283 /* Sample iOS */,
				60A8596A2A06BB2500D3B283 /* Sample tvOS */,
				60A8597A2A06BB2500D3B283 /* Sample macOS */,
				60CC2E972A50C5CB00E43713 /* Sample watchOS */,
				60CC2EB02A50C61A00E43713 /* Sample visionOS */,
				60CFD2892A37384F00C96629 /* Publishing */,
				60DOCS292A37384F00C96629 /* Documentation */,
			);
		};
/* End PBXProject section */

/* Begin PBXResourcesBuildPhase section */
		600A7C7E2A0038C1003B0093 /* Resources */ = {
			isa = PBXResourcesBuildPhase;
			buildActionMask = 2147483647;
			files = (
			);
			runOnlyForDeploymentPostprocessing = 0;
		};
		60A859592A06BB2500D3B283 /* Resources */ = {
			isa = PBXResourcesBuildPhase;
			buildActionMask = 2147483647;
			files = (
			);
			runOnlyForDeploymentPostprocessing = 0;
		};
		60A859692A06BB2500D3B283 /* Resources */ = {
			isa = PBXResourcesBuildPhase;
			buildActionMask = 2147483647;
			files = (
			);
			runOnlyForDeploymentPostprocessing = 0;
		};
		60A859792A06BB2500D3B283 /* Resources */ = {
			isa = PBXResourcesBuildPhase;
			buildActionMask = 2147483647;
			files = (
			);
			runOnlyForDeploymentPostprocessing = 0;
		};
		60CC2E962A50C5CB00E43713 /* Resources */ = {
			isa = PBXResourcesBuildPhase;
			buildActionMask = 2147483647;
			files = (
			);
			runOnlyForDeploymentPostprocessing = 0;
		};
		60CC2EAF2A50C61A00E43713 /* Resources */ = {
			isa = PBXResourcesBuildPhase;
			buildActionMask = 2147483647;
			files = (
			);
			runOnlyForDeploymentPostprocessing = 0;
		};
/* End PBXResourcesBuildPhase section */

/* Begin PBXShellScriptBuildPhase section */
		60CFD28D2A37387500C96629 /* ShellScript */ = {
			isa = PBXShellScriptBuildPhase;
			buildActionMask = 2147483647;
			files = (
			);
			inputFileListPaths = (
			);
			inputPaths = (
			);
			outputFileListPaths = (
			);
			outputPaths = (
			);
			runOnlyForDeploymentPostprocessing = 0;
			shellPath = /bin/sh;
			shellScript = "\"${PROJECT_DIR}/Scripts/publishing.sh\"\n";
		};
		60DOCS2D2A37387500C96629 /* ShellScript */ = {
			isa = PBXShellScriptBuildPhase;
			buildActionMask = 2147483647;
			files = (
			);
			inputFileListPaths = (
			);
			inputPaths = (
			);
			outputFileListPaths = (
			);
			outputPaths = (
			);
			runOnlyForDeploymentPostprocessing = 0;
			shellPath = /bin/sh;
			shellScript = "\"${PROJECT_DIR}/Scripts/generate-docs.sh\"\n";
		};
/* End PBXShellScriptBuildPhase section */

/* Begin PBXSourcesBuildPhase section */
		600A7C7C2A0038C1003B0093 /* Sources */ = {
			isa = PBXSourcesBuildPhase;
			buildActionMask = 2147483647;
			files = (
			);
			runOnlyForDeploymentPostprocessing = 0;
		};
		60A859572A06BB2500D3B283 /* Sources */ = {
			isa = PBXSourcesBuildPhase;
			buildActionMask = 2147483647;
			files = (
			);
			runOnlyForDeploymentPostprocessing = 0;
		};
		60A859672A06BB2500D3B283 /* Sources */ = {
			isa = PBXSourcesBuildPhase;
			buildActionMask = 2147483647;
			files = (
			);
			runOnlyForDeploymentPostprocessing = 0;
		};
		60A859772A06BB2500D3B283 /* Sources */ = {
			isa = PBXSourcesBuildPhase;
			buildActionMask = 2147483647;
			files = (
			);
			runOnlyForDeploymentPostprocessing = 0;
		};
		60CC2E942A50C5CB00E43713 /* Sources */ = {
			isa = PBXSourcesBuildPhase;
			buildActionMask = 2147483647;
			files = (
			);
			runOnlyForDeploymentPostprocessing = 0;
		};
		60CC2EAD2A50C61A00E43713 /* Sources */ = {
			isa = PBXSourcesBuildPhase;
			buildActionMask = 2147483647;
			files = (
			);
			runOnlyForDeploymentPostprocessing = 0;
		};
/* End PBXSourcesBuildPhase section */

/* Begin PBXTargetDependency section */
		60CFD28F2A373F6500C96629 /* PBXTargetDependency */ = {
			isa = PBXTargetDependency;
			target = 60A8597A2A06BB2500D3B283 /* Sample macOS */;
			targetProxy = 60CFD28E2A373F6500C96629 /* PBXContainerItemProxy */;
		};
		60CFD2982A374A0300C96629 /* PBXTargetDependency */ = {
			isa = PBXTargetDependency;
			target = 60A8596A2A06BB2500D3B283 /* Sample tvOS */;
			targetProxy = 60CFD2972A374A0300C96629 /* PBXContainerItemProxy */;
		};
		B5C34B462A31B79300189FD5 /* PBXTargetDependency */ = {
			isa = PBXTargetDependency;
			target = 60A8595A2A06BB2500D3B283 /* Sample iOS */;
			targetProxy = B5C34B452A31B79300189FD5 /* PBXContainerItemProxy */;
		};
/* End PBXTargetDependency section */

/* Begin XCBuildConfiguration section */
		600A7C882A0038C1003B0093 /* Debug */ = {
			isa = XCBuildConfiguration;
			buildSettings = {
				ALWAYS_SEARCH_USER_PATHS = NO;
				ASSETCATALOG_COMPILER_GENERATE_SWIFT_ASSET_SYMBOL_EXTENSIONS = YES;
				CLANG_ANALYZER_NONNULL = YES;
				CLANG_ANALYZER_NUMBER_OBJECT_CONVERSION = YES_AGGRESSIVE;
				CLANG_CXX_LANGUAGE_STANDARD = "gnu++20";
				CLANG_ENABLE_MODULES = YES;
				CLANG_ENABLE_OBJC_ARC = YES;
				CLANG_ENABLE_OBJC_WEAK = YES;
				CLANG_WARN_BLOCK_CAPTURE_AUTORELEASING = YES;
				CLANG_WARN_BOOL_CONVERSION = YES;
				CLANG_WARN_COMMA = YES;
				CLANG_WARN_CONSTANT_CONVERSION = YES;
				CLANG_WARN_DEPRECATED_OBJC_IMPLEMENTATIONS = YES;
				CLANG_WARN_DIRECT_OBJC_ISA_USAGE = YES_ERROR;
				CLANG_WARN_DOCUMENTATION_COMMENTS = YES;
				CLANG_WARN_EMPTY_BODY = YES;
				CLANG_WARN_ENUM_CONVERSION = YES;
				CLANG_WARN_INFINITE_RECURSION = YES;
				CLANG_WARN_INT_CONVERSION = YES;
				CLANG_WARN_NON_LITERAL_NULL_CONVERSION = YES;
				CLANG_WARN_OBJC_IMPLICIT_RETAIN_SELF = YES;
				CLANG_WARN_OBJC_LITERAL_CONVERSION = YES;
				CLANG_WARN_OBJC_ROOT_CLASS = YES_ERROR;
				CLANG_WARN_QUOTED_INCLUDE_IN_FRAMEWORK_HEADER = YES;
				CLANG_WARN_RANGE_LOOP_ANALYSIS = YES;
				CLANG_WARN_STRICT_PROTOTYPES = YES;
				CLANG_WARN_SUSPICIOUS_MOVE = YES;
				CLANG_WARN_UNGUARDED_AVAILABILITY = YES_AGGRESSIVE;
				CLANG_WARN_UNREACHABLE_CODE = YES;
				CLANG_WARN__DUPLICATE_METHOD_MATCH = YES;
				COPY_PHASE_STRIP = NO;
				CURRENT_PROJECT_VERSION = 1;
				DEAD_CODE_STRIPPING = YES;
				DEBUG_INFORMATION_FORMAT = dwarf;
				ENABLE_STRICT_OBJC_MSGSEND = YES;
				ENABLE_TESTABILITY = YES;
				GCC_C_LANGUAGE_STANDARD = gnu11;
				GCC_DYNAMIC_NO_PIC = NO;
				GCC_NO_COMMON_BLOCKS = YES;
				GCC_OPTIMIZATION_LEVEL = 0;
				GCC_PREPROCESSOR_DEFINITIONS = (
					"DEBUG=1",
					"$(inherited)",
				);
				GCC_WARN_64_TO_32_BIT_CONVERSION = YES;
				GCC_WARN_ABOUT_RETURN_TYPE = YES_ERROR;
				GCC_WARN_UNDECLARED_SELECTOR = YES;
				GCC_WARN_UNINITIALIZED_AUTOS = YES_AGGRESSIVE;
				GCC_WARN_UNUSED_FUNCTION = YES;
				GCC_WARN_UNUSED_VARIABLE = YES;
				IPHONEOS_DEPLOYMENT_TARGET = 15.6;
				MACOSX_DEPLOYMENT_TARGET = 12.4;
				MTL_ENABLE_DEBUG_INFO = INCLUDE_SOURCE;
				MTL_FAST_MATH = YES;
				ONLY_ACTIVE_ARCH = YES;
				SWIFT_ACTIVE_COMPILATION_CONDITIONS = DEBUG;
				SWIFT_OPTIMIZATION_LEVEL = "-Onone";
				TVOS_DEPLOYMENT_TARGET = 15.6;
				VERSIONING_SYSTEM = "apple-generic";
				VERSION_INFO_PREFIX = "";
				WATCHOS_DEPLOYMENT_TARGET = 9.6;
				XROS_DEPLOYMENT_TARGET = 2.0;
			};
			name = Debug;
		};
		600A7C892A0038C1003B0093 /* Release */ = {
			isa = XCBuildConfiguration;
			buildSettings = {
				ALWAYS_SEARCH_USER_PATHS = NO;
				ASSETCATALOG_COMPILER_GENERATE_SWIFT_ASSET_SYMBOL_EXTENSIONS = YES;
				CLANG_ANALYZER_NONNULL = YES;
				CLANG_ANALYZER_NUMBER_OBJECT_CONVERSION = YES_AGGRESSIVE;
				CLANG_CXX_LANGUAGE_STANDARD = "gnu++20";
				CLANG_ENABLE_MODULES = YES;
				CLANG_ENABLE_OBJC_ARC = YES;
				CLANG_ENABLE_OBJC_WEAK = YES;
				CLANG_WARN_BLOCK_CAPTURE_AUTORELEASING = YES;
				CLANG_WARN_BOOL_CONVERSION = YES;
				CLANG_WARN_COMMA = YES;
				CLANG_WARN_CONSTANT_CONVERSION = YES;
				CLANG_WARN_DEPRECATED_OBJC_IMPLEMENTATIONS = YES;
				CLANG_WARN_DIRECT_OBJC_ISA_USAGE = YES_ERROR;
				CLANG_WARN_DOCUMENTATION_COMMENTS = YES;
				CLANG_WARN_EMPTY_BODY = YES;
				CLANG_WARN_ENUM_CONVERSION = YES;
				CLANG_WARN_INFINITE_RECURSION = YES;
				CLANG_WARN_INT_CONVERSION = YES;
				CLANG_WARN_NON_LITERAL_NULL_CONVERSION = YES;
				CLANG_WARN_OBJC_IMPLICIT_RETAIN_SELF = YES;
				CLANG_WARN_OBJC_LITERAL_CONVERSION = YES;
				CLANG_WARN_OBJC_ROOT_CLASS = YES_ERROR;
				CLANG_WARN_QUOTED_INCLUDE_IN_FRAMEWORK_HEADER = YES;
				CLANG_WARN_RANGE_LOOP_ANALYSIS = YES;
				CLANG_WARN_STRICT_PROTOTYPES = YES;
				CLANG_WARN_SUSPICIOUS_MOVE = YES;
				CLANG_WARN_UNGUARDED_AVAILABILITY = YES_AGGRESSIVE;
				CLANG_WARN_UNREACHABLE_CODE = YES;
				CLANG_WARN__DUPLICATE_METHOD_MATCH = YES;
				COPY_PHASE_STRIP = NO;
				CURRENT_PROJECT_VERSION = 1;
				DEAD_CODE_STRIPPING = YES;
				DEBUG_INFORMATION_FORMAT = "dwarf-with-dsym";
				ENABLE_NS_ASSERTIONS = NO;
				ENABLE_STRICT_OBJC_MSGSEND = YES;
				GCC_C_LANGUAGE_STANDARD = gnu11;
				GCC_NO_COMMON_BLOCKS = YES;
				GCC_WARN_64_TO_32_BIT_CONVERSION = YES;
				GCC_WARN_ABOUT_RETURN_TYPE = YES_ERROR;
				GCC_WARN_UNDECLARED_SELECTOR = YES;
				GCC_WARN_UNINITIALIZED_AUTOS = YES_AGGRESSIVE;
				GCC_WARN_UNUSED_FUNCTION = YES;
				GCC_WARN_UNUSED_VARIABLE = YES;
				IPHONEOS_DEPLOYMENT_TARGET = 15.6;
				MACOSX_DEPLOYMENT_TARGET = 12.4;
				MTL_ENABLE_DEBUG_INFO = NO;
				MTL_FAST_MATH = YES;
				SWIFT_COMPILATION_MODE = wholemodule;
				SWIFT_OPTIMIZATION_LEVEL = "-O";
				TVOS_DEPLOYMENT_TARGET = 15.6;
				VERSIONING_SYSTEM = "apple-generic";
				VERSION_INFO_PREFIX = "";
				WATCHOS_DEPLOYMENT_TARGET = 9.6;
				XROS_DEPLOYMENT_TARGET = 2.0;
			};
			name = Release;
		};
		600A7C8E2A0038C1003B0093 /* Debug */ = {
			isa = XCBuildConfiguration;
			buildSettings = {
				ALWAYS_EMBED_SWIFT_STANDARD_LIBRARIES = YES;
				CLANG_ENABLE_MODULES = YES;
				"CODE_SIGN_IDENTITY[sdk=iphoneos*]" = "iPhone Developer";
				CODE_SIGN_STYLE = Manual;
				CURRENT_PROJECT_VERSION = 1;
				DEAD_CODE_STRIPPING = YES;
				DEVELOPMENT_TEAM = "";
				GENERATE_INFOPLIST_FILE = YES;
				LD_RUNPATH_SEARCH_PATHS = (
					"$(inherited)",
					"@executable_path/Frameworks",
					"@loader_path/Frameworks",
				);
				MARKETING_VERSION = 1.0;
				PRODUCT_BUNDLE_IDENTIFIER = "com.db-in.FusionTests";
				PRODUCT_NAME = "$(TARGET_NAME)";
				PROVISIONING_PROFILE_SPECIFIER = "";
				SDKROOT = auto;
				SUPPORTED_PLATFORMS = "iphoneos iphonesimulator macosx";
				SWIFT_EMIT_LOC_STRINGS = NO;
				SWIFT_OPTIMIZATION_LEVEL = "-Onone";
				SWIFT_VERSION = 5.0;
				TARGETED_DEVICE_FAMILY = "1,2";
				TEST_HOST = "$(BUILT_PRODUCTS_DIR)/Sample.app/$(BUNDLE_EXECUTABLE_FOLDER_PATH)/Sample";
			};
			name = Debug;
		};
		600A7C8F2A0038C1003B0093 /* Release */ = {
			isa = XCBuildConfiguration;
			buildSettings = {
				ALWAYS_EMBED_SWIFT_STANDARD_LIBRARIES = YES;
				CLANG_ENABLE_MODULES = YES;
				"CODE_SIGN_IDENTITY[sdk=iphoneos*]" = "iPhone Developer";
				CODE_SIGN_STYLE = Manual;
				CURRENT_PROJECT_VERSION = 1;
				DEAD_CODE_STRIPPING = YES;
				DEVELOPMENT_TEAM = "";
				GENERATE_INFOPLIST_FILE = YES;
				LD_RUNPATH_SEARCH_PATHS = (
					"$(inherited)",
					"@executable_path/Frameworks",
					"@loader_path/Frameworks",
				);
				MARKETING_VERSION = 1.0;
				PRODUCT_BUNDLE_IDENTIFIER = "com.db-in.FusionTests";
				PRODUCT_NAME = "$(TARGET_NAME)";
				PROVISIONING_PROFILE_SPECIFIER = "";
				SDKROOT = auto;
				SUPPORTED_PLATFORMS = "iphoneos iphonesimulator macosx";
				SWIFT_EMIT_LOC_STRINGS = NO;
				SWIFT_VERSION = 5.0;
				TARGETED_DEVICE_FAMILY = "1,2";
				TEST_HOST = "$(BUILT_PRODUCTS_DIR)/Sample.app/$(BUNDLE_EXECUTABLE_FOLDER_PATH)/Sample";
			};
			name = Release;
		};
		60A859912A06BB2600D3B283 /* Debug */ = {
			isa = XCBuildConfiguration;
			buildSettings = {
				ASSETCATALOG_COMPILER_APPICON_NAME = AppIcon;
				ASSETCATALOG_COMPILER_GLOBAL_ACCENT_COLOR_NAME = AccentColor;
				CODE_SIGN_ENTITLEMENTS = "Sample iOS/Sample iOS.entitlements";
				CODE_SIGN_STYLE = Manual;
				CURRENT_PROJECT_VERSION = 1;
				DEVELOPMENT_TEAM = "";
				GENERATE_INFOPLIST_FILE = YES;
				INFOPLIST_FILE = "Sample-iOS-Info.plist";
				INFOPLIST_KEY_UIApplicationSupportsIndirectInputEvents = YES;
				INFOPLIST_KEY_UILaunchStoryboardName = LaunchScreen.storyboard;
				INFOPLIST_KEY_UIMainStoryboardFile = Main;
				INFOPLIST_KEY_UIStatusBarHidden = YES;
				INFOPLIST_KEY_UIStatusBarStyle = "";
				INFOPLIST_KEY_UISupportedInterfaceOrientations_iPad = "UIInterfaceOrientationPortrait UIInterfaceOrientationPortraitUpsideDown UIInterfaceOrientationLandscapeLeft UIInterfaceOrientationLandscapeRight";
				INFOPLIST_KEY_UISupportedInterfaceOrientations_iPhone = "UIInterfaceOrientationPortrait UIInterfaceOrientationLandscapeLeft UIInterfaceOrientationLandscapeRight";
				LD_RUNPATH_SEARCH_PATHS = (
					"$(inherited)",
					"@executable_path/Frameworks",
				);
				MARKETING_VERSION = 1.0;
				PRODUCT_BUNDLE_IDENTIFIER = com.fusion.Sample;
				PRODUCT_NAME = Sample;
				PROVISIONING_PROFILE_SPECIFIER = "";
				SDKROOT = iphoneos;
				SUPPORTED_PLATFORMS = "iphoneos iphonesimulator";
				SUPPORTS_MACCATALYST = NO;
				SUPPORTS_MAC_DESIGNED_FOR_IPHONE_IPAD = YES;
				SUPPORTS_XR_DESIGNED_FOR_IPHONE_IPAD = YES;
				SWIFT_EMIT_LOC_STRINGS = YES;
				SWIFT_VERSION = 5.0;
				TARGETED_DEVICE_FAMILY = "1,2,7";
			};
			name = Debug;
		};
		60A859922A06BB2600D3B283 /* Release */ = {
			isa = XCBuildConfiguration;
			buildSettings = {
				ASSETCATALOG_COMPILER_APPICON_NAME = AppIcon;
				ASSETCATALOG_COMPILER_GLOBAL_ACCENT_COLOR_NAME = AccentColor;
				CODE_SIGN_ENTITLEMENTS = "Sample iOS/Sample iOS.entitlements";
				CODE_SIGN_STYLE = Manual;
				CURRENT_PROJECT_VERSION = 1;
				DEVELOPMENT_TEAM = "";
				GENERATE_INFOPLIST_FILE = YES;
				INFOPLIST_FILE = "Sample-iOS-Info.plist";
				INFOPLIST_KEY_UIApplicationSupportsIndirectInputEvents = YES;
				INFOPLIST_KEY_UILaunchStoryboardName = LaunchScreen.storyboard;
				INFOPLIST_KEY_UIMainStoryboardFile = Main;
				INFOPLIST_KEY_UIStatusBarHidden = YES;
				INFOPLIST_KEY_UIStatusBarStyle = "";
				INFOPLIST_KEY_UISupportedInterfaceOrientations_iPad = "UIInterfaceOrientationPortrait UIInterfaceOrientationPortraitUpsideDown UIInterfaceOrientationLandscapeLeft UIInterfaceOrientationLandscapeRight";
				INFOPLIST_KEY_UISupportedInterfaceOrientations_iPhone = "UIInterfaceOrientationPortrait UIInterfaceOrientationLandscapeLeft UIInterfaceOrientationLandscapeRight";
				LD_RUNPATH_SEARCH_PATHS = (
					"$(inherited)",
					"@executable_path/Frameworks",
				);
				MARKETING_VERSION = 1.0;
				PRODUCT_BUNDLE_IDENTIFIER = com.fusion.Sample;
				PRODUCT_NAME = Sample;
				PROVISIONING_PROFILE_SPECIFIER = "";
				SDKROOT = iphoneos;
				SUPPORTED_PLATFORMS = "iphoneos iphonesimulator";
				SUPPORTS_MACCATALYST = NO;
				SUPPORTS_MAC_DESIGNED_FOR_IPHONE_IPAD = YES;
				SUPPORTS_XR_DESIGNED_FOR_IPHONE_IPAD = YES;
				SWIFT_EMIT_LOC_STRINGS = YES;
				SWIFT_VERSION = 5.0;
				TARGETED_DEVICE_FAMILY = "1,2,7";
				VALIDATE_PRODUCT = YES;
			};
			name = Release;
		};
		60A859932A06BB2600D3B283 /* Debug */ = {
			isa = XCBuildConfiguration;
			buildSettings = {
				ASSETCATALOG_COMPILER_APPICON_NAME = "tvOS App Icon & Top Shelf Image";
				ASSETCATALOG_COMPILER_GLOBAL_ACCENT_COLOR_NAME = AccentColor;
				CODE_SIGN_STYLE = Manual;
				CURRENT_PROJECT_VERSION = 1;
				DEVELOPMENT_TEAM = "";
				GENERATE_INFOPLIST_FILE = YES;
				INFOPLIST_KEY_UILaunchStoryboardName = LaunchScreen;
				INFOPLIST_KEY_UIMainStoryboardFile = Main;
				INFOPLIST_KEY_UIUserInterfaceStyle = Automatic;
				LD_RUNPATH_SEARCH_PATHS = (
					"$(inherited)",
					"@executable_path/Frameworks",
				);
				MARKETING_VERSION = 1.0;
				PRODUCT_BUNDLE_IDENTIFIER = com.fusion.Sample;
				PRODUCT_NAME = Sample;
				PROVISIONING_PROFILE_SPECIFIER = "";
				SDKROOT = appletvos;
				SWIFT_EMIT_LOC_STRINGS = YES;
				SWIFT_VERSION = 5.0;
				TARGETED_DEVICE_FAMILY = 3;
			};
			name = Debug;
		};
		60A859942A06BB2600D3B283 /* Release */ = {
			isa = XCBuildConfiguration;
			buildSettings = {
				ASSETCATALOG_COMPILER_APPICON_NAME = "tvOS App Icon & Top Shelf Image";
				ASSETCATALOG_COMPILER_GLOBAL_ACCENT_COLOR_NAME = AccentColor;
				CODE_SIGN_STYLE = Manual;
				CURRENT_PROJECT_VERSION = 1;
				DEVELOPMENT_TEAM = "";
				GENERATE_INFOPLIST_FILE = YES;
				INFOPLIST_KEY_UILaunchStoryboardName = LaunchScreen;
				INFOPLIST_KEY_UIMainStoryboardFile = Main;
				INFOPLIST_KEY_UIUserInterfaceStyle = Automatic;
				LD_RUNPATH_SEARCH_PATHS = (
					"$(inherited)",
					"@executable_path/Frameworks",
				);
				MARKETING_VERSION = 1.0;
				PRODUCT_BUNDLE_IDENTIFIER = com.fusion.Sample;
				PRODUCT_NAME = Sample;
				PROVISIONING_PROFILE_SPECIFIER = "";
				SDKROOT = appletvos;
				SWIFT_EMIT_LOC_STRINGS = YES;
				SWIFT_VERSION = 5.0;
				TARGETED_DEVICE_FAMILY = 3;
				VALIDATE_PRODUCT = YES;
			};
			name = Release;
		};
		60A859952A06BB2600D3B283 /* Debug */ = {
			isa = XCBuildConfiguration;
			buildSettings = {
				ALWAYS_EMBED_SWIFT_STANDARD_LIBRARIES = YES;
				ASSETCATALOG_COMPILER_APPICON_NAME = AppIcon;
				ASSETCATALOG_COMPILER_GLOBAL_ACCENT_COLOR_NAME = AccentColor;
				CODE_SIGN_ENTITLEMENTS = "Sample macOS/Sample_macOS.entitlements";
				CODE_SIGN_STYLE = Manual;
				COMBINE_HIDPI_IMAGES = YES;
				CURRENT_PROJECT_VERSION = 1;
				DEAD_CODE_STRIPPING = YES;
				DEVELOPMENT_TEAM = "";
				ENABLE_HARDENED_RUNTIME = YES;
				GENERATE_INFOPLIST_FILE = YES;
				INFOPLIST_KEY_NSHumanReadableCopyright = "";
				INFOPLIST_KEY_NSMainStoryboardFile = Main;
				INFOPLIST_KEY_NSPrincipalClass = NSApplication;
				LD_RUNPATH_SEARCH_PATHS = (
					"$(inherited)",
					"@executable_path/../Frameworks",
				);
				MARKETING_VERSION = 1.0;
				PRODUCT_BUNDLE_IDENTIFIER = com.fusion.Sample;
				PRODUCT_NAME = Sample;
				PROVISIONING_PROFILE_SPECIFIER = "";
				SDKROOT = macosx;
				SWIFT_EMIT_LOC_STRINGS = YES;
				SWIFT_VERSION = 5.0;
			};
			name = Debug;
		};
		60A859962A06BB2600D3B283 /* Release */ = {
			isa = XCBuildConfiguration;
			buildSettings = {
				ALWAYS_EMBED_SWIFT_STANDARD_LIBRARIES = YES;
				ASSETCATALOG_COMPILER_APPICON_NAME = AppIcon;
				ASSETCATALOG_COMPILER_GLOBAL_ACCENT_COLOR_NAME = AccentColor;
				CODE_SIGN_ENTITLEMENTS = "Sample macOS/Sample_macOS.entitlements";
				CODE_SIGN_STYLE = Manual;
				COMBINE_HIDPI_IMAGES = YES;
				CURRENT_PROJECT_VERSION = 1;
				DEAD_CODE_STRIPPING = YES;
				DEVELOPMENT_TEAM = "";
				ENABLE_HARDENED_RUNTIME = YES;
				GENERATE_INFOPLIST_FILE = YES;
				INFOPLIST_KEY_NSHumanReadableCopyright = "";
				INFOPLIST_KEY_NSMainStoryboardFile = Main;
				INFOPLIST_KEY_NSPrincipalClass = NSApplication;
				LD_RUNPATH_SEARCH_PATHS = (
					"$(inherited)",
					"@executable_path/../Frameworks",
				);
				MARKETING_VERSION = 1.0;
				PRODUCT_BUNDLE_IDENTIFIER = com.fusion.Sample;
				PRODUCT_NAME = Sample;
				PROVISIONING_PROFILE_SPECIFIER = "";
				SDKROOT = macosx;
				SWIFT_EMIT_LOC_STRINGS = YES;
				SWIFT_VERSION = 5.0;
			};
			name = Release;
		};
		60CC2EA92A50C5CC00E43713 /* Debug */ = {
			isa = XCBuildConfiguration;
			buildSettings = {
				ASSETCATALOG_COMPILER_APPICON_NAME = AppIcon;
				ASSETCATALOG_COMPILER_GLOBAL_ACCENT_COLOR_NAME = AccentColor;
				CODE_SIGN_STYLE = Manual;
				CURRENT_PROJECT_VERSION = 1;
				DEVELOPMENT_ASSET_PATHS = "\"Sample watchOS/Preview Content\"";
				DEVELOPMENT_TEAM = "";
				ENABLE_PREVIEWS = YES;
				ENABLE_USER_SCRIPT_SANDBOXING = YES;
				GCC_C_LANGUAGE_STANDARD = gnu17;
				GENERATE_INFOPLIST_FILE = YES;
				INFOPLIST_KEY_CFBundleDisplayName = "Sample watchOS";
				INFOPLIST_KEY_UISupportedInterfaceOrientations = "UIInterfaceOrientationPortrait UIInterfaceOrientationPortraitUpsideDown";
				INFOPLIST_KEY_WKCompanionAppBundleIdentifier = com.fusion.Sample;
				LD_RUNPATH_SEARCH_PATHS = (
					"$(inherited)",
					"@executable_path/Frameworks",
				);
				LOCALIZATION_PREFERS_STRING_CATALOGS = YES;
				MARKETING_VERSION = 1.0;
				PRODUCT_BUNDLE_IDENTIFIER = com.fusion.Sample.watchkitapp;
				PRODUCT_NAME = "$(TARGET_NAME)";
				PROVISIONING_PROFILE_SPECIFIER = "";
				SDKROOT = watchos;
				SKIP_INSTALL = YES;
				SWIFT_ACTIVE_COMPILATION_CONDITIONS = "DEBUG $(inherited)";
				SWIFT_EMIT_LOC_STRINGS = YES;
				SWIFT_VERSION = 5.0;
				TARGETED_DEVICE_FAMILY = 4;
			};
			name = Debug;
		};
		60CC2EAA2A50C5CC00E43713 /* Release */ = {
			isa = XCBuildConfiguration;
			buildSettings = {
				ASSETCATALOG_COMPILER_APPICON_NAME = AppIcon;
				ASSETCATALOG_COMPILER_GLOBAL_ACCENT_COLOR_NAME = AccentColor;
				CODE_SIGN_STYLE = Manual;
				CURRENT_PROJECT_VERSION = 1;
				DEVELOPMENT_ASSET_PATHS = "\"Sample watchOS/Preview Content\"";
				DEVELOPMENT_TEAM = "";
				ENABLE_PREVIEWS = YES;
				ENABLE_USER_SCRIPT_SANDBOXING = YES;
				GCC_C_LANGUAGE_STANDARD = gnu17;
				GENERATE_INFOPLIST_FILE = YES;
				INFOPLIST_KEY_CFBundleDisplayName = "Sample watchOS";
				INFOPLIST_KEY_UISupportedInterfaceOrientations = "UIInterfaceOrientationPortrait UIInterfaceOrientationPortraitUpsideDown";
				INFOPLIST_KEY_WKCompanionAppBundleIdentifier = com.fusion.Sample;
				LD_RUNPATH_SEARCH_PATHS = (
					"$(inherited)",
					"@executable_path/Frameworks",
				);
				LOCALIZATION_PREFERS_STRING_CATALOGS = YES;
				MARKETING_VERSION = 1.0;
				PRODUCT_BUNDLE_IDENTIFIER = com.fusion.Sample.watchkitapp;
				PRODUCT_NAME = "$(TARGET_NAME)";
				PROVISIONING_PROFILE_SPECIFIER = "";
				SDKROOT = watchos;
				SKIP_INSTALL = YES;
				SWIFT_EMIT_LOC_STRINGS = YES;
				SWIFT_VERSION = 5.0;
				TARGETED_DEVICE_FAMILY = 4;
				VALIDATE_PRODUCT = YES;
			};
			name = Release;
		};
		60CC2EC52A50C61B00E43713 /* Debug */ = {
			isa = XCBuildConfiguration;
			buildSettings = {
				ASSETCATALOG_COMPILER_APPICON_NAME = AppIcon;
				ASSETCATALOG_COMPILER_GLOBAL_ACCENT_COLOR_NAME = AccentColor;
				CODE_SIGN_STYLE = Manual;
				CURRENT_PROJECT_VERSION = 1;
				DEVELOPMENT_ASSET_PATHS = "\"Sample visionOS/Preview Content\"";
				DEVELOPMENT_TEAM = "";
				ENABLE_PREVIEWS = YES;
				ENABLE_USER_SCRIPT_SANDBOXING = YES;
				GCC_C_LANGUAGE_STANDARD = gnu17;
				GENERATE_INFOPLIST_FILE = YES;
				INFOPLIST_KEY_UIApplicationSceneManifest_Generation = YES;
				LD_RUNPATH_SEARCH_PATHS = (
					"$(inherited)",
					"@executable_path/Frameworks",
				);
				LOCALIZATION_PREFERS_STRING_CATALOGS = YES;
				MARKETING_VERSION = 1.0;
				PRODUCT_BUNDLE_IDENTIFIER = "com.Sample-visionOS";
				PRODUCT_NAME = "$(TARGET_NAME)";
				PROVISIONING_PROFILE_SPECIFIER = "";
				SDKROOT = xros;
				SUPPORTED_PLATFORMS = "xros xrsimulator";
				SWIFT_ACTIVE_COMPILATION_CONDITIONS = "DEBUG $(inherited)";
				SWIFT_EMIT_LOC_STRINGS = YES;
				SWIFT_VERSION = 5.0;
				TARGETED_DEVICE_FAMILY = "1,2,7";
			};
			name = Debug;
		};
		60CC2EC62A50C61B00E43713 /* Release */ = {
			isa = XCBuildConfiguration;
			buildSettings = {
				ASSETCATALOG_COMPILER_APPICON_NAME = AppIcon;
				ASSETCATALOG_COMPILER_GLOBAL_ACCENT_COLOR_NAME = AccentColor;
				CODE_SIGN_STYLE = Manual;
				CURRENT_PROJECT_VERSION = 1;
				DEVELOPMENT_ASSET_PATHS = "\"Sample visionOS/Preview Content\"";
				DEVELOPMENT_TEAM = "";
				ENABLE_PREVIEWS = YES;
				ENABLE_USER_SCRIPT_SANDBOXING = YES;
				GCC_C_LANGUAGE_STANDARD = gnu17;
				GENERATE_INFOPLIST_FILE = YES;
				INFOPLIST_KEY_UIApplicationSceneManifest_Generation = YES;
				LD_RUNPATH_SEARCH_PATHS = (
					"$(inherited)",
					"@executable_path/Frameworks",
				);
				LOCALIZATION_PREFERS_STRING_CATALOGS = YES;
				MARKETING_VERSION = 1.0;
				PRODUCT_BUNDLE_IDENTIFIER = "com.Sample-visionOS";
				PRODUCT_NAME = "$(TARGET_NAME)";
				PROVISIONING_PROFILE_SPECIFIER = "";
				SDKROOT = xros;
				SUPPORTED_PLATFORMS = "xros xrsimulator";
				SWIFT_EMIT_LOC_STRINGS = YES;
				SWIFT_VERSION = 5.0;
				TARGETED_DEVICE_FAMILY = "1,2,7";
				VALIDATE_PRODUCT = YES;
			};
			name = Release;
		};
		60CFD28A2A37384F00C96629 /* Debug */ = {
			isa = XCBuildConfiguration;
			buildSettings = {
				CODE_SIGN_STYLE = Automatic;
				DEAD_CODE_STRIPPING = YES;
				DEVELOPMENT_TEAM = H5QKC5ZBYV;
				PRODUCT_NAME = "$(TARGET_NAME)";
			};
			name = Debug;
		};
		60CFD28B2A37384F00C96629 /* Release */ = {
			isa = XCBuildConfiguration;
			buildSettings = {
				CODE_SIGN_STYLE = Automatic;
				DEAD_CODE_STRIPPING = YES;
				DEVELOPMENT_TEAM = H5QKC5ZBYV;
				PRODUCT_NAME = "$(TARGET_NAME)";
			};
			name = Release;
		};
		60DOCS2A2A37384F00C96629 /* Debug */ = {
			isa = XCBuildConfiguration;
			buildSettings = {
				CODE_SIGN_STYLE = Automatic;
				DEAD_CODE_STRIPPING = YES;
				DEVELOPMENT_TEAM = H5QKC5ZBYV;
				PRODUCT_NAME = "$(TARGET_NAME)";
			};
			name = Debug;
		};
		60DOCS2B2A37384F00C96629 /* Release */ = {
			isa = XCBuildConfiguration;
			buildSettings = {
				CODE_SIGN_STYLE = Automatic;
				DEAD_CODE_STRIPPING = YES;
				DEVELOPMENT_TEAM = H5QKC5ZBYV;
				PRODUCT_NAME = "$(TARGET_NAME)";
			};
			name = Release;
		};
/* End XCBuildConfiguration section */

/* Begin XCConfigurationList section */
		600A7C702A0038C1003B0093 /* Build configuration list for PBXProject "Fusion" */ = {
			isa = XCConfigurationList;
			buildConfigurations = (
				600A7C882A0038C1003B0093 /* Debug */,
				600A7C892A0038C1003B0093 /* Release */,
			);
			defaultConfigurationIsVisible = 0;
			defaultConfigurationName = Release;
		};
		600A7C8D2A0038C1003B0093 /* Build configuration list for PBXNativeTarget "FusionTests" */ = {
			isa = XCConfigurationList;
			buildConfigurations = (
				600A7C8E2A0038C1003B0093 /* Debug */,
				600A7C8F2A0038C1003B0093 /* Release */,
			);
			defaultConfigurationIsVisible = 0;
			defaultConfigurationName = Release;
		};
		60A859972A06BB2600D3B283 /* Build configuration list for PBXNativeTarget "Sample iOS" */ = {
			isa = XCConfigurationList;
			buildConfigurations = (
				60A859912A06BB2600D3B283 /* Debug */,
				60A859922A06BB2600D3B283 /* Release */,
			);
			defaultConfigurationIsVisible = 0;
			defaultConfigurationName = Release;
		};
		60A859982A06BB2600D3B283 /* Build configuration list for PBXNativeTarget "Sample tvOS" */ = {
			isa = XCConfigurationList;
			buildConfigurations = (
				60A859932A06BB2600D3B283 /* Debug */,
				60A859942A06BB2600D3B283 /* Release */,
			);
			defaultConfigurationIsVisible = 0;
			defaultConfigurationName = Release;
		};
		60A859992A06BB2600D3B283 /* Build configuration list for PBXNativeTarget "Sample macOS" */ = {
			isa = XCConfigurationList;
			buildConfigurations = (
				60A859952A06BB2600D3B283 /* Debug */,
				60A859962A06BB2600D3B283 /* Release */,
			);
			defaultConfigurationIsVisible = 0;
			defaultConfigurationName = Release;
		};
		60CC2EAB2A50C5CC00E43713 /* Build configuration list for PBXNativeTarget "Sample watchOS" */ = {
			isa = XCConfigurationList;
			buildConfigurations = (
				60CC2EA92A50C5CC00E43713 /* Debug */,
				60CC2EAA2A50C5CC00E43713 /* Release */,
			);
			defaultConfigurationIsVisible = 0;
			defaultConfigurationName = Release;
		};
		60CC2EC42A50C61B00E43713 /* Build configuration list for PBXNativeTarget "Sample visionOS" */ = {
			isa = XCConfigurationList;
			buildConfigurations = (
				60CC2EC52A50C61B00E43713 /* Debug */,
				60CC2EC62A50C61B00E43713 /* Release */,
			);
			defaultConfigurationIsVisible = 0;
			defaultConfigurationName = Release;
		};
		60CFD28C2A37384F00C96629 /* Build configuration list for PBXAggregateTarget "Publishing" */ = {
			isa = XCConfigurationList;
			buildConfigurations = (
				60CFD28A2A37384F00C96629 /* Debug */,
				60CFD28B2A37384F00C96629 /* Release */,
			);
			defaultConfigurationIsVisible = 0;
			defaultConfigurationName = Release;
		};
		60DOCS2C2A37384F00C96629 /* Build configuration list for PBXAggregateTarget "Documentation" */ = {
			isa = XCConfigurationList;
			buildConfigurations = (
				60DOCS2A2A37384F00C96629 /* Debug */,
				60DOCS2B2A37384F00C96629 /* Release */,
			);
			defaultConfigurationIsVisible = 0;
			defaultConfigurationName = Release;
		};
/* End XCConfigurationList section */

/* Begin XCLocalSwiftPackageReference section */
		606D0BE82F41D61400589A89 /* XCLocalSwiftPackageReference "../Fusion" */ = {
			isa = XCLocalSwiftPackageReference;
			relativePath = ../Fusion;
		};
/* End XCLocalSwiftPackageReference section */

/* Begin XCRemoteSwiftPackageReference section */
		606D0BE52F41D5ED00589A89 /* XCRemoteSwiftPackageReference "LocalServer" */ = {
			isa = XCRemoteSwiftPackageReference;
			repositoryURL = "https://github.com/db-in/LocalServer";
			requirement = {
				kind = upToNextMajorVersion;
				minimumVersion = 2.1.7;
			};
		};
/* End XCRemoteSwiftPackageReference section */

/* Begin XCSwiftPackageProductDependency section */
		606D0BE62F41D5ED00589A89 /* LocalServer */ = {
			isa = XCSwiftPackageProductDependency;
			package = 606D0BE52F41D5ED00589A89 /* XCRemoteSwiftPackageReference "LocalServer" */;
			productName = LocalServer;
		};
		606D0BE92F41D61400589A89 /* Fusion */ = {
			isa = XCSwiftPackageProductDependency;
			productName = Fusion;
		};
		606D0BEC2F41D63F00589A89 /* Fusion */ = {
			isa = XCSwiftPackageProductDependency;
			package = 606D0BE82F41D61400589A89 /* XCLocalSwiftPackageReference "../Fusion" */;
			productName = Fusion;
		};
		606D0BEE2F41D64400589A89 /* Fusion */ = {
			isa = XCSwiftPackageProductDependency;
			package = 606D0BE82F41D61400589A89 /* XCLocalSwiftPackageReference "../Fusion" */;
			productName = Fusion;
		};
		606D0BF02F41D64800589A89 /* Fusion */ = {
			isa = XCSwiftPackageProductDependency;
			package = 606D0BE82F41D61400589A89 /* XCLocalSwiftPackageReference "../Fusion" */;
			productName = Fusion;
		};
		606D0BF22F41D64D00589A89 /* Fusion */ = {
			isa = XCSwiftPackageProductDependency;
			package = 606D0BE82F41D61400589A89 /* XCLocalSwiftPackageReference "../Fusion" */;
			productName = Fusion;
		};
		606D0BF42F41D65100589A89 /* Fusion */ = {
			isa = XCSwiftPackageProductDependency;
			package = 606D0BE82F41D61400589A89 /* XCLocalSwiftPackageReference "../Fusion" */;
			productName = Fusion;
		};
/* End XCSwiftPackageProductDependency section */
	};
	rootObject = 600A7C6D2A0038C1003B0093 /* Project object */;
}
